
Microsoft Visual Studio Solution File, Format Version 12.00
# Visual Studio Version 17
VisualStudioVersion = 17.7.34202.233
MinimumVisualStudioVersion = 10.0.40219.1
Project("{FAE04EC0-301F-11D3-BF4B-00C04F79EFBC}") = "BaiKiemTra02", "BaiKiemTra02.csproj", "{776C16AD-10C0-49B6-94CB-8425AC8DEE57}"
EndProject
Global
	GlobalSection(SolutionConfigurationPlatforms) = preSolution
		Debug|Any CPU = Debug|Any CPU
		Release|Any CPU = Release|Any CPU
	EndGlobalSection
	GlobalSection(ProjectConfigurationPlatforms) = postSolution
		{776C16AD-10C0-49B6-94CB-8425AC8DEE57}.Debug|Any CPU.ActiveCfg = Debug|Any CPU
		{776C16AD-10C0-49B6-94CB-8425AC8DEE57}.Debug|Any CPU.Build.0 = Debug|Any CPU
		{776C16AD-10C0-49B6-94CB-8425AC8DEE57}.Release|Any CPU.ActiveCfg = Release|Any CPU
		{776C16AD-10C0-49B6-94CB-8425AC8DEE57}.Release|Any CPU.Build.0 = Release|Any CPU
	EndGlobalSection
	GlobalSection(SolutionProperties) = preSolution
		HideSolutionNode = FALSE
	EndGlobalSection
	GlobalSection(ExtensibilityGlobals) = postSolution
		SolutionGuid = {822A00DA-9498-4359-BD8A-4D6F2C1EF9E0}
	EndGlobalSection
EndGlobal
