
Microsoft Visual Studio Solution File, Format Version 12.00
# Visual Studio Version 17
VisualStudioVersion = 17.7.34202.233
MinimumVisualStudioVersion = 10.0.40219.1
Project("{FAE04EC0-301F-11D3-BF4B-00C04F79EFBC}") = "BaiKiemTra03_02", "BaiKiemTra03_02.csproj", "{30172FB6-BA34-43AE-80A3-70568D215FF0}"
EndProject
Global
	GlobalSection(SolutionConfigurationPlatforms) = preSolution
		Debug|Any CPU = Debug|Any CPU
		Release|Any CPU = Release|Any CPU
	EndGlobalSection
	GlobalSection(ProjectConfigurationPlatforms) = postSolution
		{30172FB6-BA34-43AE-80A3-70568D215FF0}.Debug|Any CPU.ActiveCfg = Debug|Any CPU
		{30172FB6-BA34-43AE-80A3-70568D215FF0}.Debug|Any CPU.Build.0 = Debug|Any CPU
		{30172FB6-BA34-43AE-80A3-70568D215FF0}.Release|Any CPU.ActiveCfg = Release|Any CPU
		{30172FB6-BA34-43AE-80A3-70568D215FF0}.Release|Any CPU.Build.0 = Release|Any CPU
	EndGlobalSection
	GlobalSection(SolutionProperties) = preSolution
		HideSolutionNode = FALSE
	EndGlobalSection
	GlobalSection(ExtensibilityGlobals) = postSolution
		SolutionGuid = {431B71F3-623D-4719-8CBF-13C682C23426}
	EndGlobalSection
EndGlobal
